dependencies:
- name: common
  repository: http://charts.udmire.cn/
  version: 0.1.0
- name: memcached
  repository: http://charts.udmire.cn/
  version: 0.1.0
- name: memcached
  repository: http://charts.udmire.cn/
  version: 0.1.0
- name: memcached
  repository: http://charts.udmire.cn/
  version: 0.1.0
- name: memcached
  repository: http://charts.udmire.cn/
  version: 0.1.0
- name: minio
  repository: https://helm.min.io/
  version: 8.0.9
digest: sha256:221be73c7e9d26bd6d0abee95909d6247bd6e3fe10f8beaca9d90b62c1d38380
generated: "2022-03-29T10:28:52.630756+08:00"
