dependencies:
- name: memcached
  repository: https://charts.udmire.cn/
  version: 0.1.0
- name: memcached
  repository: https://charts.udmire.cn/
  version: 0.1.0
- name: memcached
  repository: https://charts.udmire.cn/
  version: 0.1.0
- name: memcached
  repository: https://charts.udmire.cn/
  version: 0.1.0
- name: minio
  repository: https://helm.min.io/
  version: 8.0.9
digest: sha256:74f1ea8c2f1d887fbf130b9f6aaf6b25107d8a7d10dce4b43ebe459010ce99b4
generated: "2022-03-16T16:10:54.724713+08:00"
