dependencies:
- name: memcached
  repository: http://charts.udmire.cn/
  version: 0.1.0
- name: memcached
  repository: http://charts.udmire.cn/
  version: 0.1.0
- name: memcached
  repository: http://charts.udmire.cn/
  version: 0.1.0
- name: memcached
  repository: http://charts.udmire.cn/
  version: 0.1.0
- name: minio
  repository: https://helm.min.io/
  version: 8.0.9
digest: sha256:193c76dafde1fa365d72e3b56434209b1293ccaf9bdf8bf0708548655f83d076
generated: "2022-03-17T17:16:12.504856+08:00"
