dependencies:
- name: memcached
  repository: http://charts.udmire.cn/
  version: 0.1.0
- name: memcached
  repository: http://charts.udmire.cn/
  version: 0.1.0
- name: memcached
  repository: http://charts.udmire.cn/
  version: 0.1.0
- name: memcached
  repository: http://charts.udmire.cn/
  version: 0.1.0
- name: minio
  repository: https://helm.min.io/
  version: 8.0.9
digest: sha256:3088ecbe0df8734902a08777c052084787012df85cf4d96189618e9b89b5f2a9
generated: "2022-03-23T14:03:23.871114+08:00"
